{
  "name": "js",
  "version": "1.0.0",
  "lockfileVersion": 1,
  "requires": true,
  "dependencies": {
    "@pdulvp/chart-cloud": {
      "version": "1.0.2",
      "resolved": "https://npm.pkg.github.com/download/@pdulvp/chart-cloud/1.0.2/9b56f00d7cbb7f334d6a33300aa1b138f8814a74597bd3827f3f91d7cd39b8c6",
      "integrity": "sha512-ko7A26YEw6o5WiC7UuqA1QNPucPLXBSIxCLqcv2RXpLU0AQ8hCI8NQoQBDh3/Ob6lQ/l9QWdEAoZUy5V1gOKew=="
    },
    "@pdulvp/chart-france": {
      "version": "1.0.2",
      "resolved": "https://npm.pkg.github.com/download/@pdulvp/chart-france/1.0.2/564fc7346b5433cfea65ea6d500aa75b658234f714a912e9f6d22e0778600f25",
      "integrity": "sha512-uSNZ0L9kT7d5F+PGETzmiTZ41N4vAThRNyh9JOolswnctr/8692OUA5NbtcUZz5HRjYRi4wYq9y/mFRBAeRu5A=="
    },
    "@pdulvp/chart-hbar": {
      "version": "1.0.2",
      "resolved": "https://npm.pkg.github.com/download/@pdulvp/chart-hbar/1.0.2/8317d6e67d7ff5f5451d5fa2166687754726202563a818753fd747b09e90201f",
      "integrity": "sha512-Yo1xX7CHZzUEU7BJFm25HTr/K0cydibjvI9czCjvAhxi0YIqPlKdNomWB0Ccf380M2406/Zb66F5ZXCE49/gtw=="
    },
    "@pdulvp/chart-html": {
      "version": "1.0.1",
      "resolved": "https://npm.pkg.github.com/download/@pdulvp/chart-html/1.0.1/4bf5bc65b04a7c2b5babba8b2bb12fe1efd15d37b0d30d8458e65e12190f6744",
      "integrity": "sha512-TxJUTkmaZB0vqwSJMX3RRSozJVtYYUqSSSNGQ46FHPwQUNbnGG3m9FeWO+8uv/5BrGMSC3DlCMGw6qD3Pq6N0g=="
    },
    "@pdulvp/chart-information": {
      "version": "1.0.1",
      "resolved": "https://npm.pkg.github.com/download/@pdulvp/chart-information/1.0.1/076cef342630217cc0e36abadefd70182500bcb0e1816684b092d135c6923591",
      "integrity": "sha512-PjjGHQ2DdFCBPKorEHmgcosav15Nj+CyQD+IUeoN33o9osPuZMnUSA9OH7CKzpMfihJtvL30O9jMJKr4Z1XDJA=="
    },
    "@pdulvp/chart-line": {
      "version": "1.0.1",
      "resolved": "https://npm.pkg.github.com/download/@pdulvp/chart-line/1.0.1/43551927f502aa64bb94b238da535081fd94e015037ac8b9f01b09d7eb82d15e",
      "integrity": "sha512-mbG6E2DiaepXcr++9UJZ5B41D23amkIuMMWs19kR0z/LLSLLDhNllA5SBw5RJP1cCFFGmw4X0LioJa12839a2g=="
    },
    "@pdulvp/chart-ptitle": {
      "version": "1.0.1",
      "resolved": "https://npm.pkg.github.com/download/@pdulvp/chart-ptitle/1.0.1/2b35af75b824f43cd8c05964dd7c4eb6554d8eacbae124138edba78a3580138e",
      "integrity": "sha512-2Dv73n4PH00hrxIo0CQKYhOTgXnxYQt4kg7zJRqkYDCWAgn9H6Cz/xcL8FB+mPzwrKg60+JKkolxaY9P42b7Yg=="
    },
    "@pdulvp/chart-share": {
      "version": "1.0.1",
      "resolved": "https://npm.pkg.github.com/download/@pdulvp/chart-share/1.0.1/2f54711cbc6e8d883bd73aeb14706ca4d897a372a2ea694aa7e45a7d0a9e344c",
      "integrity": "sha512-7EeqkU261G7aEynZcayzDxifvxSGSkagW7ubWsN1wSecWmnrRukVyFf2P//Fq3nGheMawIHXfLdvRffDLfr3Xw=="
    },
    "@pdulvp/chart-source": {
      "version": "1.0.2",
      "resolved": "https://npm.pkg.github.com/download/@pdulvp/chart-source/1.0.2/fe50614aee1d94f221e47e52db5a1c3f2587da9b6463313fed185e0ac549350e",
      "integrity": "sha512-1pPAN5ac525a+5mi+GuEXI61kvn122fIVkRZJ3C3IYE56tu0Euhb3qrv0lOYsM48pHEdFrGaFkhMJmWNz1RdHw=="
    },
    "@pdulvp/chart-table": {
      "version": "1.0.1",
      "resolved": "https://npm.pkg.github.com/download/@pdulvp/chart-table/1.0.1/2ed0394db86006134d495265079da3de6465c704abe6c595f3172a032867b5e7",
      "integrity": "sha512-Ej6F4XNVunhLaePqElgQAGLkjztsgbHJB4xpkiIatHLWPJtCYVPt5HeKUESk/kGRKtzHvFHVBYNPWGE04UODvA=="
    },
    "@pdulvp/colors": {
      "version": "1.0.2",
      "resolved": "https://npm.pkg.github.com/download/@pdulvp/colors/1.0.2/026e0407add8f33490bf7b262b8088331a6a616d3dd48b922e7016f30788b312",
      "integrity": "sha512-AxwAS6dn4v9V0/DhPgmaNSrbfpypx1067I5xGOdgqTRb61McnZRfcUbI/NvzoPO1wi5CXcaF9rOkVGeq8W5snA=="
    },
    "@pdulvp/fsquery": {
      "version": "1.0.2",
      "resolved": "https://npm.pkg.github.com/download/@pdulvp/fsquery/1.0.2/d785824afccfa646cbad829f954bd58f4f76cbb8db244b7dd8800508c8b99edd",
      "integrity": "sha512-qDLQaKVjuC14hicSygiMVxOSYQM37rgcGugy4FoIQurh2OiDVH5N3gk2ykhUG3eiy0JKiAkOtPAPiNv87ik2jA=="
    },
    "@pdulvp/httpcquery": {
      "version": "1.0.1",
      "resolved": "https://npm.pkg.github.com/download/@pdulvp/httpcquery/1.0.1/da828e786323e6d307942071de1930ef13494a436d7f6e6b2269bf99d4f24d46",
      "integrity": "sha512-ea6o47YhyXwrZNEzfWjQiMhoOWhd/ovzp0lf/g2y1aIZWJc/dofScE3ho2Et3jnNYZ3tVtze6yOX/CnlXKqMcw==",
      "requires": {
        "@pdulvp/fsquery": "^1.0.1",
        "@pdulvp/httpquery": "^1.0.0"
      }
    },
    "@pdulvp/httpquery": {
      "version": "1.0.1",
      "resolved": "https://npm.pkg.github.com/download/@pdulvp/httpquery/1.0.1/a85d9d9523fc9e6c840c3d8ea4f70c3ac4b09ea65de4088102a3f8d3ee4b7b9c",
      "integrity": "sha512-LGukHmS43fKvfMOUd3A4ePGkyvTn2g4/9Rfi98WaddmzJhXnUe4ABqV76E78DQOs7LdaHC3qGTvZjJRhoWlriA=="
    },
    "@pdulvp/index": {
      "version": "1.0.1",
      "resolved": "https://npm.pkg.github.com/download/@pdulvp/index/1.0.1/9a88a087ac81f606b0aeb9c0c9949351b13aef1fe19d0ffdd2b915912e98fd3b",
      "integrity": "sha512-rM6e54xCicBkJE0ZLYbjHlvt3egvnSVYBOnZ5ScDIG8tA4c2c41hPheJgquAvbmrkIe6KN+WJ3i/9/5bfPVYwQ==",
      "requires": {
        "@pdulvp/httpquery": "^1.0.0"
      }
    },
    "@pdulvp/jsonop": {
      "version": "1.0.1",
      "resolved": "https://npm.pkg.github.com/download/@pdulvp/jsonop/1.0.1/3860739ca750a7e1be8c5b5284a59d55a11d2258ac98abd7b02cb8cd70970c24",
      "integrity": "sha512-2AFetXlixW2p0CsL8t3U+2ECRB+uXqEybLW70obRLZADnLM5iWX6X8jmX8RqTWE+JbDvU91wUIYDtIP6S+C4vA=="
    },
    "@pdulvp/list-cards": {
      "version": "1.0.1",
      "resolved": "https://npm.pkg.github.com/download/@pdulvp/list-cards/1.0.1/fb11c3f0c793b3bd7a762d966003e76af6d700ed2d60e96364f40f4f27e0dadc",
      "integrity": "sha512-YOQMcvZZbZdCojV/BcY20ZOLcxNkpr4fBUmDjO1ZhD71fG3hHo49en5hCghjd7TaDu9rPx0ny4b4WKSo5tQBLQ=="
    },
    "@pdulvp/list-carousel": {
      "version": "1.0.1",
      "resolved": "https://npm.pkg.github.com/download/@pdulvp/list-carousel/1.0.1/0ab5a4e7b0d54600b362f8fa86d880f1b20d395a67cda6b061682845309c2123",
      "integrity": "sha512-lLhA/5x4HzvLXwthIBPNgKFvg45ilXYF1RpOqj/zy23hW1l6GN68QmnoafaJq7YoFZ8pJv3Wk9auQ4rBT9CXZg=="
    },
    "@pdulvp/list-categories": {
      "version": "1.0.1",
      "resolved": "https://npm.pkg.github.com/download/@pdulvp/list-categories/1.0.1/682c052add7028358bcd2e0a0abcba9290b4873e14635347f3f389daa3528088",
      "integrity": "sha512-YY2PdC/uJpSGQG9/8Kgo4tUuXVWjXqdM+MypLXWS7AutFci/XazuzhCJgHpwrxra72GvVXU/rf4aCUarFhNDsA=="
    },
    "@pdulvp/list-charts": {
      "version": "1.0.1",
      "resolved": "https://npm.pkg.github.com/download/@pdulvp/list-charts/1.0.1/df4725fda4e27fb773d5b8bd20baf199f352618dd53ed073a70584dced97b68b",
      "integrity": "sha512-V/3MzRrjt0/PnKoH5kodNcYsrCrW/KxAbknUs8iRkI8HDhcufwSxzYBC5rs7/yX5oux4C5hMMfL0BUQL2/6fTg=="
    },
    "@pdulvp/list-grid": {
      "version": "1.0.1",
      "resolved": "https://npm.pkg.github.com/download/@pdulvp/list-grid/1.0.1/edd18dd3a66a5fea478e7b15041b3f89a2c4b4d3e6d7da0c0ce54fca5023909d",
      "integrity": "sha512-Deffdlmk/6+ASM4GnFS76O2YWT3vSFiWaLnGwEnBEkWayRzdYQ/dz21ia+w6rG4ysWmG+avAv6DA4gltpUAcwA=="
    },
    "@pdulvp/list-links": {
      "version": "1.0.1",
      "resolved": "https://npm.pkg.github.com/download/@pdulvp/list-links/1.0.1/5056c54aab8cc67027e691329d09ff38efb089baa2ffd53f4e06318a8758f242",
      "integrity": "sha512-DtS3Iz2C1eIGIp05fDmXTDUqeBgLZEF3zmpLuDTiQh1/7QvZEwv8Laoku14WqLjw1jT0Vj2F6c7wvcgUijwYLw=="
    },
    "@pdulvp/list-pages": {
      "version": "1.0.1",
      "resolved": "https://npm.pkg.github.com/download/@pdulvp/list-pages/1.0.1/d39ccdaebeb309b8e1e962919b216445b12853acabc2e9bcc55158c35b689508",
      "integrity": "sha512-flHgQzVtyKA4SljW5c9QWgZsaxtWDLldrNyLfDy/g2/FeCmLp/ulZMtlT3P4uOHBfOE8b33H1wowVvXXWggYSQ=="
    },
    "@pdulvp/sources": {
      "version": "1.0.1",
      "resolved": "https://npm.pkg.github.com/download/@pdulvp/sources/1.0.1/0aed953adb8dd3223633483718e5ae544ef34e5a4625ecfc5aa2dc6093bd4afa",
      "integrity": "sha512-3cFczxIofpHev72+JCLP9tkzymcl2WLHDxFbW1m28WajgMbA8+lwjk3wECYIs746pNA+01r4JTtGcxP4pOBxEQ==",
      "requires": {
        "@pdulvp/httpcquery": "^1.0.0",
        "@pdulvp/httpquery": "^1.0.0",
        "@pdulvp/jsonop": "^1.0.0"
      }
    }
  }
}
